# This file is automatically @generated by Cargo.
# It is not intended for manual editing.
version = 3

[[package]]
name = "abc132"
version = "0.1.0"
dependencies = [
 "modint",
 "proconio",
]

[[package]]
name = "arbitrary-modint"
version = "0.1.0"

[[package]]
name = "arbitrary-montgomery-modint"
version = "0.1.0"

[[package]]
name = "modint"
version = "0.1.0"
dependencies = [
 "arbitrary-modint",
 "arbitrary-montgomery-modint",
 "modint-common",
 "montgomery-modint",
 "static-modint",
]

[[package]]
name = "modint-common"
version = "0.1.0"

[[package]]
name = "montgomery-modint"
version = "0.1.0"
dependencies = [
 "modint-common",
 "simple-rand",
 "zero-one",
]

[[package]]
name = "proconio"
version = "0.4.5"
source = "registry+https://github.com/rust-lang/crates.io-index"
checksum = "0eb404616795079e2390e7115acf0ada24e9332e8476de2aada7bacb9992dc9e"

[[package]]
name = "simple-rand"
version = "0.1.0"

[[package]]
name = "static-modint"
version = "0.1.0"
dependencies = [
 "modint-common",
 "zero-one",
]

[[package]]
name = "zero-one"
version = "0.1.0"
